
Microsoft Visual Studio Solution File, Format Version 12.00
# Visual Studio Version 17
VisualStudioVersion = 17.13.35919.96 d17.13
MinimumVisualStudioVersion = 10.0.40219.1
Project("{FAE04EC0-301F-11D3-BF4B-00C04F79EFBC}") = "HRM_API", "HRM_API\HRM_API.csproj", "{EF31049B-3ADC-471F-AC0C-1E59C6279C14}"
EndProject
Global
	GlobalSection(SolutionConfigurationPlatforms) = preSolution
		Debug|Any CPU = Debug|Any CPU
		Release|Any CPU = Release|Any CPU
	EndGlobalSection
	GlobalSection(ProjectConfigurationPlatforms) = postSolution
		{EF31049B-3ADC-471F-AC0C-1E59C6279C14}.Debug|Any CPU.ActiveCfg = Debug|Any CPU
		{EF31049B-3ADC-471F-AC0C-1E59C6279C14}.Debug|Any CPU.Build.0 = Debug|Any CPU
		{EF31049B-3ADC-471F-AC0C-1E59C6279C14}.Release|Any CPU.ActiveCfg = Release|Any CPU
		{EF31049B-3ADC-471F-AC0C-1E59C6279C14}.Release|Any CPU.Build.0 = Release|Any CPU
	EndGlobalSection
	GlobalSection(SolutionProperties) = preSolution
		HideSolutionNode = FALSE
	EndGlobalSection
	GlobalSection(ExtensibilityGlobals) = postSolution
		SolutionGuid = {B97F64C9-333F-4027-93E0-20CF77162463}
	EndGlobalSection
EndGlobal
